
Microsoft Visual Studio Solution File, Format Version 12.00
# Visual Studio Version 16
VisualStudioVersion = 16.0.30320.27
MinimumVisualStudioVersion = 10.0.40219.1
Project("{FAE04EC0-301F-11D3-BF4B-00C04F79EFBC}") = "P03_FootballBetting", "P03_FootballBetting\P03_FootballBetting.csproj", "{1D5F2DF1-698D-4B58-9CBD-DB716D1326C1}"
EndProject
Project("{FAE04EC0-301F-11D3-BF4B-00C04F79EFBC}") = "P03_FootballBetting.Data", "P03_FootballBetting.Data\P03_FootballBetting.Data.csproj", "{875A5CE1-F996-48D5-8782-A68E04A05893}"
EndProject
Project("{FAE04EC0-301F-11D3-BF4B-00C04F79EFBC}") = "P03_FootballBetting.Data.Models", "P03_FootballBetting.Data.Models\P03_FootballBetting.Data.Models.csproj", "{8EDE20EE-ABB4-4024-BEA8-C767E7B3022D}"
EndProject
Global
	GlobalSection(SolutionConfigurationPlatforms) = preSolution
		Debug|Any CPU = Debug|Any CPU
		Release|Any CPU = Release|Any CPU
	EndGlobalSection
	GlobalSection(ProjectConfigurationPlatforms) = postSolution
		{1D5F2DF1-698D-4B58-9CBD-DB716D1326C1}.Debug|Any CPU.ActiveCfg = Debug|Any CPU
		{1D5F2DF1-698D-4B58-9CBD-DB716D1326C1}.Debug|Any CPU.Build.0 = Debug|Any CPU
		{1D5F2DF1-698D-4B58-9CBD-DB716D1326C1}.Release|Any CPU.ActiveCfg = Release|Any CPU
		{1D5F2DF1-698D-4B58-9CBD-DB716D1326C1}.Release|Any CPU.Build.0 = Release|Any CPU
		{875A5CE1-F996-48D5-8782-A68E04A05893}.Debug|Any CPU.ActiveCfg = Debug|Any CPU
		{875A5CE1-F996-48D5-8782-A68E04A05893}.Debug|Any CPU.Build.0 = Debug|Any CPU
		{875A5CE1-F996-48D5-8782-A68E04A05893}.Release|Any CPU.ActiveCfg = Release|Any CPU
		{875A5CE1-F996-48D5-8782-A68E04A05893}.Release|Any CPU.Build.0 = Release|Any CPU
		{8EDE20EE-ABB4-4024-BEA8-C767E7B3022D}.Debug|Any CPU.ActiveCfg = Debug|Any CPU
		{8EDE20EE-ABB4-4024-BEA8-C767E7B3022D}.Debug|Any CPU.Build.0 = Debug|Any CPU
		{8EDE20EE-ABB4-4024-BEA8-C767E7B3022D}.Release|Any CPU.ActiveCfg = Release|Any CPU
		{8EDE20EE-ABB4-4024-BEA8-C767E7B3022D}.Release|Any CPU.Build.0 = Release|Any CPU
	EndGlobalSection
	GlobalSection(SolutionProperties) = preSolution
		HideSolutionNode = FALSE
	EndGlobalSection
	GlobalSection(ExtensibilityGlobals) = postSolution
		SolutionGuid = {FA1B97AE-92AB-4155-8116-ADE72CC3BEA2}
	EndGlobalSection
EndGlobal
